
Microsoft Visual Studio Solution File, Format Version 12.00
# Visual Studio Version 16
VisualStudioVersion = 16.0.29709.97
MinimumVisualStudioVersion = 10.0.40219.1
Project("{FAE04EC0-301F-11D3-BF4B-00C04F79EFBC}") = "JOOLE", "JOOLE\JOOLE.csproj", "{28BCDFAE-38C6-42D5-AC3D-6219115A206A}"
EndProject
Global
	GlobalSection(SolutionConfigurationPlatforms) = preSolution
		Debug|Any CPU = Debug|Any CPU
		Release|Any CPU = Release|Any CPU
	EndGlobalSection
	GlobalSection(ProjectConfigurationPlatforms) = postSolution
		{28BCDFAE-38C6-42D5-AC3D-6219115A206A}.Debug|Any CPU.ActiveCfg = Debug|Any CPU
		{28BCDFAE-38C6-42D5-AC3D-6219115A206A}.Debug|Any CPU.Build.0 = Debug|Any CPU
		{28BCDFAE-38C6-42D5-AC3D-6219115A206A}.Release|Any CPU.ActiveCfg = Release|Any CPU
		{28BCDFAE-38C6-42D5-AC3D-6219115A206A}.Release|Any CPU.Build.0 = Release|Any CPU
	EndGlobalSection
	GlobalSection(SolutionProperties) = preSolution
		HideSolutionNode = FALSE
	EndGlobalSection
	GlobalSection(ExtensibilityGlobals) = postSolution
		SolutionGuid = {E16FFF1E-EC03-4E9E-A884-63B026EE09A8}
	EndGlobalSection
EndGlobal
